
Microsoft Visual Studio Solution File, Format Version 12.00
# Visual Studio 14
VisualStudioVersion = 14.0.25420.1
MinimumVisualStudioVersion = 10.0.40219.1
Project("{2150E333-8FDC-42A3-9474-1A3956D46DE8}") = "src", "src", "{3B3CCD07-23CC-4F78-BEAD-1288DFD1BEA2}"
EndProject
Project("{2150E333-8FDC-42A3-9474-1A3956D46DE8}") = "Solution Items", "Solution Items", "{3160078D-B9E8-47E8-B191-2F74BEC183C3}"
	ProjectSection(SolutionItems) = preProject
		global.json = global.json
	EndProjectSection
EndProject
Project("{8BB2217D-0F2D-49D1-97BC-3654ED321F3B}") = "DotNetTor", "src\DotNetTor\DotNetTor.xproj", "{C5D9FFC6-BE5B-448D-B746-2CFBC5D4E2C2}"
EndProject
Project("{8BB2217D-0F2D-49D1-97BC-3654ED321F3B}") = "DotNetTor.Tests", "src\DotNetTor.Tests\DotNetTor.Tests.xproj", "{ECC736D1-D4A9-4CD3-954B-7A795E46550F}"
	ProjectSection(ProjectDependencies) = postProject
		{C5D9FFC6-BE5B-448D-B746-2CFBC5D4E2C2} = {C5D9FFC6-BE5B-448D-B746-2CFBC5D4E2C2}
	EndProjectSection
EndProject
Project("{8BB2217D-0F2D-49D1-97BC-3654ED321F3B}") = "DotNetTor.Example", "src\DotNetTor.Example\DotNetTor.Example.xproj", "{BB62E68F-F0AF-4583-A537-168C8B3448D2}"
	ProjectSection(ProjectDependencies) = postProject
		{C5D9FFC6-BE5B-448D-B746-2CFBC5D4E2C2} = {C5D9FFC6-BE5B-448D-B746-2CFBC5D4E2C2}
	EndProjectSection
EndProject
Global
	GlobalSection(SolutionConfigurationPlatforms) = preSolution
		Debug|Any CPU = Debug|Any CPU
		Release|Any CPU = Release|Any CPU
	EndGlobalSection
	GlobalSection(ProjectConfigurationPlatforms) = postSolution
		{C5D9FFC6-BE5B-448D-B746-2CFBC5D4E2C2}.Debug|Any CPU.ActiveCfg = Debug|Any CPU
		{C5D9FFC6-BE5B-448D-B746-2CFBC5D4E2C2}.Debug|Any CPU.Build.0 = Debug|Any CPU
		{C5D9FFC6-BE5B-448D-B746-2CFBC5D4E2C2}.Release|Any CPU.ActiveCfg = Release|Any CPU
		{C5D9FFC6-BE5B-448D-B746-2CFBC5D4E2C2}.Release|Any CPU.Build.0 = Release|Any CPU
		{ECC736D1-D4A9-4CD3-954B-7A795E46550F}.Debug|Any CPU.ActiveCfg = Debug|Any CPU
		{ECC736D1-D4A9-4CD3-954B-7A795E46550F}.Debug|Any CPU.Build.0 = Debug|Any CPU
		{ECC736D1-D4A9-4CD3-954B-7A795E46550F}.Release|Any CPU.ActiveCfg = Release|Any CPU
		{ECC736D1-D4A9-4CD3-954B-7A795E46550F}.Release|Any CPU.Build.0 = Release|Any CPU
		{BB62E68F-F0AF-4583-A537-168C8B3448D2}.Debug|Any CPU.ActiveCfg = Debug|Any CPU
		{BB62E68F-F0AF-4583-A537-168C8B3448D2}.Debug|Any CPU.Build.0 = Debug|Any CPU
		{BB62E68F-F0AF-4583-A537-168C8B3448D2}.Release|Any CPU.ActiveCfg = Release|Any CPU
		{BB62E68F-F0AF-4583-A537-168C8B3448D2}.Release|Any CPU.Build.0 = Release|Any CPU
	EndGlobalSection
	GlobalSection(SolutionProperties) = preSolution
		HideSolutionNode = FALSE
	EndGlobalSection
	GlobalSection(NestedProjects) = preSolution
		{C5D9FFC6-BE5B-448D-B746-2CFBC5D4E2C2} = {3B3CCD07-23CC-4F78-BEAD-1288DFD1BEA2}
		{ECC736D1-D4A9-4CD3-954B-7A795E46550F} = {3B3CCD07-23CC-4F78-BEAD-1288DFD1BEA2}
		{BB62E68F-F0AF-4583-A537-168C8B3448D2} = {3B3CCD07-23CC-4F78-BEAD-1288DFD1BEA2}
	EndGlobalSection
EndGlobal
